
Microsoft Visual Studio Solution File, Format Version 12.00
# Visual Studio 15
VisualStudioVersion = 15.0.27703.2018
MinimumVisualStudioVersion = 10.0.40219.1
Project("{8BC9CEB8-8B4A-11D0-8D11-00A0C91BC942}") = "Sandbox", "Sandbox\Sandbox.vcxproj", "{3C6A8156-18B2-4BFD-BB15-02F4960B554F}"
EndProject
Project("{8BC9CEB8-8B4A-11D0-8D11-00A0C91BC942}") = "Hazel", "Hazel\Hazel.vcxproj", "{53582DAD-00BF-4971-93B8-E4B7CAD438C3}"
EndProject
Global
	GlobalSection(SolutionConfigurationPlatforms) = preSolution
		Debug|x64 = Debug|x64
		Release|x64 = Release|x64
	EndGlobalSection
	GlobalSection(ProjectConfigurationPlatforms) = postSolution
		{53582DAD-00BF-4971-93B8-E4B7CAD438C3}.Debug|x64.ActiveCfg = Debug|x64
		{53582DAD-00BF-4971-93B8-E4B7CAD438C3}.Debug|x64.Build.0 = Debug|x64
		{53582DAD-00BF-4971-93B8-E4B7CAD438C3}.Release|x64.ActiveCfg = Release|x64
		{53582DAD-00BF-4971-93B8-E4B7CAD438C3}.Release|x64.Build.0 = Release|x64
		{3C6A8156-18B2-4BFD-BB15-02F4960B554F}.Debug|x64.ActiveCfg = Debug|x64
		{3C6A8156-18B2-4BFD-BB15-02F4960B554F}.Debug|x64.Build.0 = Debug|x64
		{3C6A8156-18B2-4BFD-BB15-02F4960B554F}.Release|x64.ActiveCfg = Release|x64
		{3C6A8156-18B2-4BFD-BB15-02F4960B554F}.Release|x64.Build.0 = Release|x64
	EndGlobalSection
	GlobalSection(SolutionProperties) = preSolution
		HideSolutionNode = FALSE
	EndGlobalSection
	GlobalSection(ExtensibilityGlobals) = postSolution
		SolutionGuid = {AF8959C9-C101-4105-BF4A-09060E273541}
	EndGlobalSection
EndGlobal
